
Microsoft Visual Studio Solution File, Format Version 12.00
# Visual Studio 15
VisualStudioVersion = 15.0.34729.27
MinimumVisualStudioVersion = 10.0.40219.1
Project("{888888A0-9F3D-457C-B088-3A5042F75D52}") = "phyton granja", "phyton granja.pyproj", "{AE8FEA12-37D3-46D8-B3F6-A106863FDEEF}"
EndProject
Global
	GlobalSection(SolutionConfigurationPlatforms) = preSolution
		Debug|Any CPU = Debug|Any CPU
		Release|Any CPU = Release|Any CPU
	EndGlobalSection
	GlobalSection(ProjectConfigurationPlatforms) = postSolution
		{AE8FEA12-37D3-46D8-B3F6-A106863FDEEF}.Debug|Any CPU.ActiveCfg = Debug|Any CPU
		{AE8FEA12-37D3-46D8-B3F6-A106863FDEEF}.Release|Any CPU.ActiveCfg = Release|Any CPU
	EndGlobalSection
	GlobalSection(SolutionProperties) = preSolution
		HideSolutionNode = FALSE
	EndGlobalSection
	GlobalSection(ExtensibilityGlobals) = postSolution
		SolutionGuid = {DF789C45-A671-4B73-A070-D892FF204465}
	EndGlobalSection
EndGlobal
